
Microsoft Visual Studio Solution File, Format Version 12.00
# Visual Studio Version 17
VisualStudioVersion = 17.10.35122.118
MinimumVisualStudioVersion = 10.0.40219.1
Project("{FAE04EC0-301F-11D3-BF4B-00C04F79EFBC}") = "RealmParser", "RealmParser.csproj", "{C9D7D3BE-14A1-46A3-8C20-CA72866D9A1E}"
EndProject
Global
	GlobalSection(SolutionConfigurationPlatforms) = preSolution
		Debug|Any CPU = Debug|Any CPU
		Release|Any CPU = Release|Any CPU
	EndGlobalSection
	GlobalSection(ProjectConfigurationPlatforms) = postSolution
		{C9D7D3BE-14A1-46A3-8C20-CA72866D9A1E}.Debug|Any CPU.ActiveCfg = Debug|Any CPU
		{C9D7D3BE-14A1-46A3-8C20-CA72866D9A1E}.Debug|Any CPU.Build.0 = Debug|Any CPU
		{C9D7D3BE-14A1-46A3-8C20-CA72866D9A1E}.Release|Any CPU.ActiveCfg = Release|Any CPU
		{C9D7D3BE-14A1-46A3-8C20-CA72866D9A1E}.Release|Any CPU.Build.0 = Release|Any CPU
	EndGlobalSection
	GlobalSection(SolutionProperties) = preSolution
		HideSolutionNode = FALSE
	EndGlobalSection
	GlobalSection(ExtensibilityGlobals) = postSolution
		SolutionGuid = {43527D86-644A-4513-8BF2-574B08FFF188}
	EndGlobalSection
EndGlobal
